// !$*UTF8*$!
{
	archiveVersion = 1;
	classes = {
	};
	objectVersion = 50;
	objects = {

/* Begin PBXBuildFile section */
		6AE5C58321438104004D14B8 /* AppDelegate.swift in Sources */ = {isa = PBXBuildFile; fileRef = 6AE5C58221438104004D14B8 /* AppDelegate.swift */; };
		6AE5C58521438104004D14B8 /* ViewController.swift in Sources */ = {isa = PBXBuildFile; fileRef = 6AE5C58421438104004D14B8 /* ViewController.swift */; };
		6AE5C58821438104004D14B8 /* Main.storyboard in Resources */ = {isa = PBXBuildFile; fileRef = 6AE5C58621438104004D14B8 /* Main.storyboard */; };
		6AE5C58A21438105004D14B8 /* Assets.xcassets in Resources */ = {isa = PBXBuildFile; fileRef = 6AE5C58921438105004D14B8 /* Assets.xcassets */; };
		6AE5C58D21438105004D14B8 /* LaunchScreen.storyboard in Resources */ = {isa = PBXBuildFile; fileRef = 6AE5C58B21438105004D14B8 /* LaunchScreen.storyboard */; };
		6AE5C59621438151004D14B8 /* Photo+CoreDataClass.swift in Sources */ = {isa = PBXBuildFile; fileRef = 6AE5C59521438151004D14B8 /* Photo+CoreDataClass.swift */; };
		6AE5C59821438174004D14B8 /* Photo+CoreDataProperties.swift in Sources */ = {isa = PBXBuildFile; fileRef = 6AE5C59721438174004D14B8 /* Photo+CoreDataProperties.swift */; };
		6AE5C59A21438192004D14B8 /* Pin+CoreDataClass.swift in Sources */ = {isa = PBXBuildFile; fileRef = 6AE5C59921438192004D14B8 /* Pin+CoreDataClass.swift */; };
		6AE5C59D214381CF004D14B8 /* Pin+CoreDataProperties.swift in Sources */ = {isa = PBXBuildFile; fileRef = 6AE5C59C214381CF004D14B8 /* Pin+CoreDataProperties.swift */; };
		6AE5C59F21438464004D14B8 /* PinAnnotation.swift in Sources */ = {isa = PBXBuildFile; fileRef = 6AE5C59E21438464004D14B8 /* PinAnnotation.swift */; };
		6AE5C5A1214384E4004D14B8 /* FlickrApi.swift in Sources */ = {isa = PBXBuildFile; fileRef = 6AE5C5A0214384E4004D14B8 /* FlickrApi.swift */; };
		6AE5C5A321438515004D14B8 /* FlickrAPIExtension.swift in Sources */ = {isa = PBXBuildFile; fileRef = 6AE5C5A221438515004D14B8 /* FlickrAPIExtension.swift */; };
		6AE5C5A62143882B004D14B8 /* VirtualTouristModel.xcdatamodeld in Sources */ = {isa = PBXBuildFile; fileRef = 6AE5C5A42143882B004D14B8 /* VirtualTouristModel.xcdatamodeld */; };
		6AE5C5A921438A08004D14B8 /* MapViewController.swift in Sources */ = {isa = PBXBuildFile; fileRef = 6AE5C5A821438A08004D14B8 /* MapViewController.swift */; };
/* End PBXBuildFile section */

/* Begin PBXFileReference section */
		6AE5C57F21438103004D14B8 /* VirtualTourist.app */ = {isa = PBXFileReference; explicitFileType = wrapper.application; includeInIndex = 0; path = VirtualTourist.app; sourceTree = BUILT_PRODUCTS_DIR; };
		6AE5C58221438104004D14B8 /* AppDelegate.swift */ = {isa = PBXFileReference; lastKnownFileType = sourcecode.swift; path = AppDelegate.swift; sourceTree = "<group>"; };
		6AE5C58421438104004D14B8 /* ViewController.swift */ = {isa = PBXFileReference; lastKnownFileType = sourcecode.swift; path = ViewController.swift; sourceTree = "<group>"; };
		6AE5C58721438104004D14B8 /* Base */ = {isa = PBXFileReference; lastKnownFileType = file.storyboard; name = Base; path = Base.lproj/Main.storyboard; sourceTree = "<group>"; };
		6AE5C58921438105004D14B8 /* Assets.xcassets */ = {isa = PBXFileReference; lastKnownFileType = folder.assetcatalog; path = Assets.xcassets; sourceTree = "<group>"; };
		6AE5C58C21438105004D14B8 /* Base */ = {isa = PBXFileReference; lastKnownFileType = file.storyboard; name = Base; path = Base.lproj/LaunchScreen.storyboard; sourceTree = "<group>"; };
		6AE5C58E21438105004D14B8 /* Info.plist */ = {isa = PBXFileReference; lastKnownFileType = text.plist.xml; path = Info.plist; sourceTree = "<group>"; };
		6AE5C59521438151004D14B8 /* Photo+CoreDataClass.swift */ = {isa = PBXFileReference; lastKnownFileType = sourcecode.swift; path = "Photo+CoreDataClass.swift"; sourceTree = "<group>"; };
		6AE5C59721438174004D14B8 /* Photo+CoreDataProperties.swift */ = {isa = PBXFileReference; lastKnownFileType = sourcecode.swift; path = "Photo+CoreDataProperties.swift"; sourceTree = "<group>"; };
		6AE5C59921438192004D14B8 /* Pin+CoreDataClass.swift */ = {isa = PBXFileReference; lastKnownFileType = sourcecode.swift; path = "Pin+CoreDataClass.swift"; sourceTree = "<group>"; };
		6AE5C59C214381CF004D14B8 /* Pin+CoreDataProperties.swift */ = {isa = PBXFileReference; lastKnownFileType = sourcecode.swift; path = "Pin+CoreDataProperties.swift"; sourceTree = "<group>"; };
		6AE5C59E21438464004D14B8 /* PinAnnotation.swift */ = {isa = PBXFileReference; lastKnownFileType = sourcecode.swift; path = PinAnnotation.swift; sourceTree = "<group>"; };
		6AE5C5A0214384E4004D14B8 /* FlickrApi.swift */ = {isa = PBXFileReference; lastKnownFileType = sourcecode.swift; path = FlickrApi.swift; sourceTree = "<group>"; };
		6AE5C5A221438515004D14B8 /* FlickrAPIExtension.swift */ = {isa = PBXFileReference; lastKnownFileType = sourcecode.swift; path = FlickrAPIExtension.swift; sourceTree = "<group>"; };
		6AE5C5A52143882B004D14B8 /* VirtualTouristModel.xcdatamodel */ = {isa = PBXFileReference; lastKnownFileType = wrapper.xcdatamodel; path = VirtualTouristModel.xcdatamodel; sourceTree = "<group>"; };
		6AE5C5A821438A08004D14B8 /* MapViewController.swift */ = {isa = PBXFileReference; lastKnownFileType = sourcecode.swift; path = MapViewController.swift; sourceTree = "<group>"; };
/* End PBXFileReference section */

/* Begin PBXFrameworksBuildPhase section */
		6AE5C57C21438103004D14B8 /* Frameworks */ = {
			isa = PBXFrameworksBuildPhase;
			buildActionMask = 2147483647;
			files = (
			);
			runOnlyForDeploymentPostprocessing = 0;
		};
/* End PBXFrameworksBuildPhase section */

/* Begin PBXGroup section */
		6AE5C57621438103004D14B8 = {
			isa = PBXGroup;
			children = (
				6AE5C58121438103004D14B8 /* VirtualTourist */,
				6AE5C58021438103004D14B8 /* Products */,
			);
			sourceTree = "<group>";
		};
		6AE5C58021438103004D14B8 /* Products */ = {
			isa = PBXGroup;
			children = (
				6AE5C57F21438103004D14B8 /* VirtualTourist.app */,
			);
			name = Products;
			sourceTree = "<group>";
		};
		6AE5C58121438103004D14B8 /* VirtualTourist */ = {
			isa = PBXGroup;
			children = (
				6AE5C5A721438988004D14B8 /* View Controllers */,
				6AE5C5942143811B004D14B8 /* Model */,
				6AE5C58221438104004D14B8 /* AppDelegate.swift */,
				6AE5C58421438104004D14B8 /* ViewController.swift */,
				6AE5C58621438104004D14B8 /* Main.storyboard */,
				6AE5C58921438105004D14B8 /* Assets.xcassets */,
				6AE5C58B21438105004D14B8 /* LaunchScreen.storyboard */,
				6AE5C58E21438105004D14B8 /* Info.plist */,
			);
			path = VirtualTourist;
			sourceTree = "<group>";
		};
		6AE5C5942143811B004D14B8 /* Model */ = {
			isa = PBXGroup;
			children = (
				6AE5C59521438151004D14B8 /* Photo+CoreDataClass.swift */,
				6AE5C59721438174004D14B8 /* Photo+CoreDataProperties.swift */,
				6AE5C59921438192004D14B8 /* Pin+CoreDataClass.swift */,
				6AE5C59C214381CF004D14B8 /* Pin+CoreDataProperties.swift */,
				6AE5C59E21438464004D14B8 /* PinAnnotation.swift */,
				6AE5C5A0214384E4004D14B8 /* FlickrApi.swift */,
				6AE5C5A221438515004D14B8 /* FlickrAPIExtension.swift */,
				6AE5C5A42143882B004D14B8 /* VirtualTouristModel.xcdatamodeld */,
			);
			path = Model;
			sourceTree = "<group>";
		};
		6AE5C5A721438988004D14B8 /* View Controllers */ = {
			isa = PBXGroup;
			children = (
				6AE5C5A821438A08004D14B8 /* MapViewController.swift */,
			);
			path = "View Controllers";
			sourceTree = "<group>";
		};
/* End PBXGroup section */

/* Begin PBXNativeTarget section */
		6AE5C57E21438103004D14B8 /* VirtualTourist */ = {
			isa = PBXNativeTarget;
			buildConfigurationList = 6AE5C59121438105004D14B8 /* Build configuration list for PBXNativeTarget "VirtualTourist" */;
			buildPhases = (
				6AE5C57B21438103004D14B8 /* Sources */,
				6AE5C57C21438103004D14B8 /* Frameworks */,
				6AE5C57D21438103004D14B8 /* Resources */,
			);
			buildRules = (
			);
			dependencies = (
			);
			name = VirtualTourist;
			productName = VirtualTourist;
			productReference = 6AE5C57F21438103004D14B8 /* VirtualTourist.app */;
			productType = "com.apple.product-type.application";
		};
/* End PBXNativeTarget section */

/* Begin PBXProject section */
		6AE5C57721438103004D14B8 /* Project object */ = {
			isa = PBXProject;
			attributes = {
				LastSwiftUpdateCheck = 0940;
				LastUpgradeCheck = 0940;
				ORGANIZATIONNAME = "akhil mantha";
				TargetAttributes = {
					6AE5C57E21438103004D14B8 = {
						CreatedOnToolsVersion = 9.4.1;
					};
				};
			};
			buildConfigurationList = 6AE5C57A21438103004D14B8 /* Build configuration list for PBXProject "VirtualTourist" */;
			compatibilityVersion = "Xcode 9.3";
			developmentRegion = en;
			hasScannedForEncodings = 0;
			knownRegions = (
				en,
				Base,
			);
			mainGroup = 6AE5C57621438103004D14B8;
			productRefGroup = 6AE5C58021438103004D14B8 /* Products */;
			projectDirPath = "";
			projectRoot = "";
			targets = (
				6AE5C57E21438103004D14B8 /* VirtualTourist */,
			);
		};
/* End PBXProject section */

/* Begin PBXResourcesBuildPhase section */
		6AE5C57D21438103004D14B8 /* Resources */ = {
			isa = PBXResourcesBuildPhase;
			buildActionMask = 2147483647;
			files = (
				6AE5C58D21438105004D14B8 /* LaunchScreen.storyboard in Resources */,
				6AE5C58A21438105004D14B8 /* Assets.xcassets in Resources */,
				6AE5C58821438104004D14B8 /* Main.storyboard in Resources */,
			);
			runOnlyForDeploymentPostprocessing = 0;
		};
/* End PBXResourcesBuildPhase section */

/* Begin PBXSourcesBuildPhase section */
		6AE5C57B21438103004D14B8 /* Sources */ = {
			isa = PBXSourcesBuildPhase;
			buildActionMask = 2147483647;
			files = (
				6AE5C5A921438A08004D14B8 /* MapViewController.swift in Sources */,
				6AE5C59621438151004D14B8 /* Photo+CoreDataClass.swift in Sources */,
				6AE5C5A321438515004D14B8 /* FlickrAPIExtension.swift in Sources */,
				6AE5C59D214381CF004D14B8 /* Pin+CoreDataProperties.swift in Sources */,
				6AE5C59A21438192004D14B8 /* Pin+CoreDataClass.swift in Sources */,
				6AE5C58521438104004D14B8 /* ViewController.swift in Sources */,
				6AE5C59821438174004D14B8 /* Photo+CoreDataProperties.swift in Sources */,
				6AE5C5A62143882B004D14B8 /* VirtualTouristModel.xcdatamodeld in Sources */,
				6AE5C58321438104004D14B8 /* AppDelegate.swift in Sources */,
				6AE5C59F21438464004D14B8 /* PinAnnotation.swift in Sources */,
				6AE5C5A1214384E4004D14B8 /* FlickrApi.swift in Sources */,
			);
			runOnlyForDeploymentPostprocessing = 0;
		};
/* End PBXSourcesBuildPhase section */

/* Begin PBXVariantGroup section */
		6AE5C58621438104004D14B8 /* Main.storyboard */ = {
			isa = PBXVariantGroup;
			children = (
				6AE5C58721438104004D14B8 /* Base */,
			);
			name = Main.storyboard;
			sourceTree = "<group>";
		};
		6AE5C58B21438105004D14B8 /* LaunchScreen.storyboard */ = {
			isa = PBXVariantGroup;
			children = (
				6AE5C58C21438105004D14B8 /* Base */,
			);
			name = LaunchScreen.storyboard;
			sourceTree = "<group>";
		};
/* End PBXVariantGroup section */

/* Begin XCBuildConfiguration section */
		6AE5C58F21438105004D14B8 /* Debug */ = {
			isa = XCBuildConfiguration;
			buildSettings = {
				ALWAYS_SEARCH_USER_PATHS = NO;
				CLANG_ANALYZER_NONNULL = YES;
				CLANG_ANALYZER_NUMBER_OBJECT_CONVERSION = YES_AGGRESSIVE;
				CLANG_CXX_LANGUAGE_STANDARD = "gnu++14";
				CLANG_CXX_LIBRARY = "libc++";
				CLANG_ENABLE_MODULES = YES;
				CLANG_ENABLE_OBJC_ARC = YES;
				CLANG_ENABLE_OBJC_WEAK = YES;
				CLANG_WARN_BLOCK_CAPTURE_AUTORELEASING = YES;
				CLANG_WARN_BOOL_CONVERSION = YES;
				CLANG_WARN_COMMA = YES;
				CLANG_WARN_CONSTANT_CONVERSION = YES;
				CLANG_WARN_DEPRECATED_OBJC_IMPLEMENTATIONS = YES;
				CLANG_WARN_DIRECT_OBJC_ISA_USAGE = YES_ERROR;
				CLANG_WARN_DOCUMENTATION_COMMENTS = YES;
				CLANG_WARN_EMPTY_BODY = YES;
				CLANG_WARN_ENUM_CONVERSION = YES;
				CLANG_WARN_INFINITE_RECURSION = YES;
				CLANG_WARN_INT_CONVERSION = YES;
				CLANG_WARN_NON_LITERAL_NULL_CONVERSION = YES;
				CLANG_WARN_OBJC_IMPLICIT_RETAIN_SELF = YES;
				CLANG_WARN_OBJC_LITERAL_CONVERSION = YES;
				CLANG_WARN_OBJC_ROOT_CLASS = YES_ERROR;
				CLANG_WARN_RANGE_LOOP_ANALYSIS = YES;
				CLANG_WARN_STRICT_PROTOTYPES = YES;
				CLANG_WARN_SUSPICIOUS_MOVE = YES;
				CLANG_WARN_UNGUARDED_AVAILABILITY = YES_AGGRESSIVE;
				CLANG_WARN_UNREACHABLE_CODE = YES;
				CLANG_WARN__DUPLICATE_METHOD_MATCH = YES;
				CODE_SIGN_IDENTITY = "iPhone Developer";
				COPY_PHASE_STRIP = NO;
				DEBUG_INFORMATION_FORMAT = dwarf;
				ENABLE_STRICT_OBJC_MSGSEND = YES;
				ENABLE_TESTABILITY = YES;
				GCC_C_LANGUAGE_STANDARD = gnu11;
				GCC_DYNAMIC_NO_PIC = NO;
				GCC_NO_COMMON_BLOCKS = YES;
				GCC_OPTIMIZATION_LEVEL = 0;
				GCC_PREPROCESSOR_DEFINITIONS = (
					"DEBUG=1",
					"$(inherited)",
				);
				GCC_WARN_64_TO_32_BIT_CONVERSION = YES;
				GCC_WARN_ABOUT_RETURN_TYPE = YES_ERROR;
				GCC_WARN_UNDECLARED_SELECTOR = YES;
				GCC_WARN_UNINITIALIZED_AUTOS = YES_AGGRESSIVE;
				GCC_WARN_UNUSED_FUNCTION = YES;
				GCC_WARN_UNUSED_VARIABLE = YES;
				IPHONEOS_DEPLOYMENT_TARGET = 11.4;
				MTL_ENABLE_DEBUG_INFO = YES;
				ONLY_ACTIVE_ARCH = YES;
				SDKROOT = iphoneos;
				SWIFT_ACTIVE_COMPILATION_CONDITIONS = DEBUG;
				SWIFT_OPTIMIZATION_LEVEL = "-Onone";
			};
			name = Debug;
		};
		6AE5C59021438105004D14B8 /* Release */ = {
			isa = XCBuildConfiguration;
			buildSettings = {
				ALWAYS_SEARCH_USER_PATHS = NO;
				CLANG_ANALYZER_NONNULL = YES;
				CLANG_ANALYZER_NUMBER_OBJECT_CONVERSION = YES_AGGRESSIVE;
				CLANG_CXX_LANGUAGE_STANDARD = "gnu++14";
				CLANG_CXX_LIBRARY = "libc++";
				CLANG_ENABLE_MODULES = YES;
				CLANG_ENABLE_OBJC_ARC = YES;
				CLANG_ENABLE_OBJC_WEAK = YES;
				CLANG_WARN_BLOCK_CAPTURE_AUTORELEASING = YES;
				CLANG_WARN_BOOL_CONVERSION = YES;
				CLANG_WARN_COMMA = YES;
				CLANG_WARN_CONSTANT_CONVERSION = YES;
				CLANG_WARN_DEPRECATED_OBJC_IMPLEMENTATIONS = YES;
				CLANG_WARN_DIRECT_OBJC_ISA_USAGE = YES_ERROR;
				CLANG_WARN_DOCUMENTATION_COMMENTS = YES;
				CLANG_WARN_EMPTY_BODY = YES;
				CLANG_WARN_ENUM_CONVERSION = YES;
				CLANG_WARN_INFINITE_RECURSION = YES;
				CLANG_WARN_INT_CONVERSION = YES;
				CLANG_WARN_NON_LITERAL_NULL_CONVERSION = YES;
				CLANG_WARN_OBJC_IMPLICIT_RETAIN_SELF = YES;
				CLANG_WARN_OBJC_LITERAL_CONVERSION = YES;
				CLANG_WARN_OBJC_ROOT_CLASS = YES_ERROR;
				CLANG_WARN_RANGE_LOOP_ANALYSIS = YES;
				CLANG_WARN_STRICT_PROTOTYPES = YES;
				CLANG_WARN_SUSPICIOUS_MOVE = YES;
				CLANG_WARN_UNGUARDED_AVAILABILITY = YES_AGGRESSIVE;
				CLANG_WARN_UNREACHABLE_CODE = YES;
				CLANG_WARN__DUPLICATE_METHOD_MATCH = YES;
				CODE_SIGN_IDENTITY = "iPhone Developer";
				COPY_PHASE_STRIP = NO;
				DEBUG_INFORMATION_FORMAT = "dwarf-with-dsym";
				ENABLE_NS_ASSERTIONS = NO;
				ENABLE_STRICT_OBJC_MSGSEND = YES;
				GCC_C_LANGUAGE_STANDARD = gnu11;
				GCC_NO_COMMON_BLOCKS = YES;
				GCC_WARN_64_TO_32_BIT_CONVERSION = YES;
				GCC_WARN_ABOUT_RETURN_TYPE = YES_ERROR;
				GCC_WARN_UNDECLARED_SELECTOR = YES;
				GCC_WARN_UNINITIALIZED_AUTOS = YES_AGGRESSIVE;
				GCC_WARN_UNUSED_FUNCTION = YES;
				GCC_WARN_UNUSED_VARIABLE = YES;
				IPHONEOS_DEPLOYMENT_TARGET = 11.4;
				MTL_ENABLE_DEBUG_INFO = NO;
				SDKROOT = iphoneos;
				SWIFT_COMPILATION_MODE = wholemodule;
				SWIFT_OPTIMIZATION_LEVEL = "-O";
				VALIDATE_PRODUCT = YES;
			};
			name = Release;
		};
		6AE5C59221438105004D14B8 /* Debug */ = {
			isa = XCBuildConfiguration;
			buildSettings = {
				ASSETCATALOG_COMPILER_APPICON_NAME = AppIcon;
				CODE_SIGN_STYLE = Automatic;
				DEVELOPMENT_TEAM = C6Y7K2ZF65;
				INFOPLIST_FILE = VirtualTourist/Info.plist;
				LD_RUNPATH_SEARCH_PATHS = (
					"$(inherited)",
					"@executable_path/Frameworks",
				);
				PRODUCT_BUNDLE_IDENTIFIER = askdn.VirtualTourist;
				PRODUCT_NAME = "$(TARGET_NAME)";
				SWIFT_VERSION = 4.0;
				TARGETED_DEVICE_FAMILY = "1,2";
			};
			name = Debug;
		};
		6AE5C59321438105004D14B8 /* Release */ = {
			isa = XCBuildConfiguration;
			buildSettings = {
				ASSETCATALOG_COMPILER_APPICON_NAME = AppIcon;
				CODE_SIGN_STYLE = Automatic;
				DEVELOPMENT_TEAM = C6Y7K2ZF65;
				INFOPLIST_FILE = VirtualTourist/Info.plist;
				LD_RUNPATH_SEARCH_PATHS = (
					"$(inherited)",
					"@executable_path/Frameworks",
				);
				PRODUCT_BUNDLE_IDENTIFIER = askdn.VirtualTourist;
				PRODUCT_NAME = "$(TARGET_NAME)";
				SWIFT_VERSION = 4.0;
				TARGETED_DEVICE_FAMILY = "1,2";
			};
			name = Release;
		};
/* End XCBuildConfiguration section */

/* Begin XCConfigurationList section */
		6AE5C57A21438103004D14B8 /* Build configuration list for PBXProject "VirtualTourist" */ = {
			isa = XCConfigurationList;
			buildConfigurations = (
				6AE5C58F21438105004D14B8 /* Debug */,
				6AE5C59021438105004D14B8 /* Release */,
			);
			defaultConfigurationIsVisible = 0;
			defaultConfigurationName = Release;
		};
		6AE5C59121438105004D14B8 /* Build configuration list for PBXNativeTarget "VirtualTourist" */ = {
			isa = XCConfigurationList;
			buildConfigurations = (
				6AE5C59221438105004D14B8 /* Debug */,
				6AE5C59321438105004D14B8 /* Release */,
			);
			defaultConfigurationIsVisible = 0;
			defaultConfigurationName = Release;
		};
/* End XCConfigurationList section */

/* Begin XCVersionGroup section */
		6AE5C5A42143882B004D14B8 /* VirtualTouristModel.xcdatamodeld */ = {
			isa = XCVersionGroup;
			children = (
				6AE5C5A52143882B004D14B8 /* VirtualTouristModel.xcdatamodel */,
			);
			currentVersion = 6AE5C5A52143882B004D14B8 /* VirtualTouristModel.xcdatamodel */;
			path = VirtualTouristModel.xcdatamodeld;
			sourceTree = "<group>";
			versionGroupType = wrapper.xcdatamodel;
		};
/* End XCVersionGroup section */
	};
	rootObject = 6AE5C57721438103004D14B8 /* Project object */;
}
